{
  "name": "polkastats-backend-v3",
  "version": "3.0.0",
  "lockfileVersion": 1,
  "requires": true,
  "dependencies": {
    "@babel/runtime": {
      "version": "7.15.3",
      "resolved": "https://registry.npmjs.org/@babel/runtime/-/runtime-7.15.3.tgz",
      "integrity": "sha512-OvwMLqNXkCXSz1kSm58sEsNuhqOx/fKpnUnKnFB5v8uDda5bLNEHNgKPvhDN6IU0LDcnHQ90LlJ0Q6jnyBSIBA==",
      "requires": {
        "regenerator-runtime": "^0.13.4"
      }
    },
    "@polkadot/api": {
      "version": "5.7.1",
      "resolved": "https://registry.npmjs.org/@polkadot/api/-/api-5.7.1.tgz",
      "integrity": "sha512-sv62NRfZbH6Fq4O6Mb+JhTniZFI6RU3LbT/xwKKVgoa5kFaAhAPWjVazlVrWlhZC3++4pSFkFJ7Qd9IRIxupCg==",
      "requires": {
        "@babel/runtime": "^7.15.3",
        "@polkadot/api-derive": "5.7.1",
        "@polkadot/keyring": "^7.3.1",
        "@polkadot/rpc-core": "5.7.1",
        "@polkadot/rpc-provider": "5.7.1",
        "@polkadot/types": "5.7.1",
        "@polkadot/types-known": "5.7.1",
        "@polkadot/util": "^7.3.1",
        "@polkadot/util-crypto": "^7.3.1",
        "eventemitter3": "^4.0.7",
        "rxjs": "^7.3.0"
      }
    },
    "@polkadot/api-derive": {
      "version": "5.7.1",
      "resolved": "https://registry.npmjs.org/@polkadot/api-derive/-/api-derive-5.7.1.tgz",
      "integrity": "sha512-9gzvGQz5YNtA8bQSovm7O9fMV3e2+YIpiGAMAUkApnEEsoMk0zZRW2dvXKG+tAZOHXM1kgyMNOtXxkFSY2raaA==",
      "requires": {
        "@babel/runtime": "^7.15.3",
        "@polkadot/api": "5.7.1",
        "@polkadot/rpc-core": "5.7.1",
        "@polkadot/types": "5.7.1",
        "@polkadot/util": "^7.3.1",
        "@polkadot/util-crypto": "^7.3.1",
        "rxjs": "^7.3.0"
      }
    },
    "@polkadot/keyring": {
      "version": "7.3.1",
      "resolved": "https://registry.npmjs.org/@polkadot/keyring/-/keyring-7.3.1.tgz",
      "integrity": "sha512-3lbwIjUql8yjs6AR2fMdCgmTc5D9ne7+y2jqHmGjyzVQFz1w1jiHb+N38L0pwl9/23UxmzC3aVvHLfl3gEGSIQ==",
      "requires": {
        "@babel/runtime": "^7.15.3",
        "@polkadot/util": "7.3.1",
        "@polkadot/util-crypto": "7.3.1"
      }
    },
    "@polkadot/networks": {
      "version": "7.3.1",
      "resolved": "https://registry.npmjs.org/@polkadot/networks/-/networks-7.3.1.tgz",
      "integrity": "sha512-sK9TyVf1aAWy84usKjNqb6rNiy4UB6cK3iM+bfltzrLHdchjAMPdxMqULNBL8MXjrnuzPpTtsdkGFqp5P69oIQ==",
      "requires": {
        "@babel/runtime": "^7.15.3"
      }
    },
    "@polkadot/rpc-core": {
      "version": "5.7.1",
      "resolved": "https://registry.npmjs.org/@polkadot/rpc-core/-/rpc-core-5.7.1.tgz",
      "integrity": "sha512-ipUWXkkYL9U++EtP1eML80vpt7uCWurIgpvvonecsMAc0NiYP0YgAbl8jCoheIvSAc7vFs2EkTWMJCYinaIsLA==",
      "requires": {
        "@babel/runtime": "^7.15.3",
        "@polkadot/rpc-provider": "5.7.1",
        "@polkadot/types": "5.7.1",
        "@polkadot/util": "^7.3.1",
        "rxjs": "^7.3.0"
      }
    },
    "@polkadot/rpc-provider": {
      "version": "5.7.1",
      "resolved": "https://registry.npmjs.org/@polkadot/rpc-provider/-/rpc-provider-5.7.1.tgz",
      "integrity": "sha512-laftJKj58szAQNehlRG7OKiv7aP8j8psJTRN9M1FAGW4HrSJBfiTOp5pdmpPNICvA2w13SmgfLv8NYRfzZegkA==",
      "requires": {
        "@babel/runtime": "^7.15.3",
        "@polkadot/types": "5.7.1",
        "@polkadot/util": "^7.3.1",
        "@polkadot/util-crypto": "^7.3.1",
        "@polkadot/x-fetch": "^7.3.1",
        "@polkadot/x-global": "^7.3.1",
        "@polkadot/x-ws": "^7.3.1",
        "eventemitter3": "^4.0.7"
      }
    },
    "@polkadot/types": {
      "version": "5.7.1",
      "resolved": "https://registry.npmjs.org/@polkadot/types/-/types-5.7.1.tgz",
      "integrity": "sha512-pBseUcy6J26BV9hwd+I740ZKW1IP9w7ldiVusJaXeyOGXtPkR4MWJa5TOI23dMTB5T72Kj1XcW7T8vBjQy3Zjw==",
      "requires": {
        "@babel/runtime": "^7.15.3",
        "@polkadot/util": "^7.3.1",
        "@polkadot/util-crypto": "^7.3.1",
        "rxjs": "^7.3.0"
      }
    },
    "@polkadot/types-known": {
      "version": "5.7.1",
      "resolved": "https://registry.npmjs.org/@polkadot/types-known/-/types-known-5.7.1.tgz",
      "integrity": "sha512-2TK+4oBdSGddgsuxOoMaSE6RYcgQcLl+uItNWk72UkE81R5Tv3xhsJfRsu1LnEM5Wt6/I2bNSpVIH5y09VhC0g==",
      "requires": {
        "@babel/runtime": "^7.15.3",
        "@polkadot/networks": "^7.3.1",
        "@polkadot/types": "5.7.1",
        "@polkadot/util": "^7.3.1"
      }
    },
    "@polkadot/util": {
      "version": "7.3.1",
      "resolved": "https://registry.npmjs.org/@polkadot/util/-/util-7.3.1.tgz",
      "integrity": "sha512-fjz5yjgZgfgRXZw9zMufmPBHhjAVtk/M2+lgl1a6Fck43Q4TG2Ux1haXMlaoe37cFeh8XgDAzDEQVIYBIPy6sg==",
      "requires": {
        "@babel/runtime": "^7.15.3",
        "@polkadot/x-textdecoder": "7.3.1",
        "@polkadot/x-textencoder": "7.3.1",
        "@types/bn.js": "^4.11.6",
        "bn.js": "^4.12.0",
        "camelcase": "^6.2.0",
        "ip-regex": "^4.3.0"
      }
    },
    "@polkadot/util-crypto": {
      "version": "7.3.1",
      "resolved": "https://registry.npmjs.org/@polkadot/util-crypto/-/util-crypto-7.3.1.tgz",
      "integrity": "sha512-sR+BxlV2Da0xfQcCXQTz+ohTaagixM+qYHytaQzilytbKHgYIyvnOyk5wFrHDNFzcLuXo15AbULa3TCoNDvh5Q==",
      "requires": {
        "@babel/runtime": "^7.15.3",
        "@polkadot/networks": "7.3.1",
        "@polkadot/util": "7.3.1",
        "@polkadot/wasm-crypto": "^4.2.1",
        "@polkadot/x-randomvalues": "7.3.1",
        "base-x": "^3.0.8",
        "base64-js": "^1.5.1",
        "blakejs": "^1.1.1",
        "bn.js": "^4.12.0",
        "create-hash": "^1.2.0",
        "ed2curve": "^0.3.0",
        "elliptic": "^6.5.4",
        "hash.js": "^1.1.7",
        "js-sha3": "^0.8.0",
        "scryptsy": "^2.1.0",
        "tweetnacl": "^1.0.3",
        "xxhashjs": "^0.2.2"
      }
    },
    "@polkadot/wasm-crypto": {
      "version": "4.2.1",
      "resolved": "https://registry.npmjs.org/@polkadot/wasm-crypto/-/wasm-crypto-4.2.1.tgz",
      "integrity": "sha512-C/A/QnemOilRTLnM0LfhPY2N/x3ZFd1ihm9sXYyuh98CxtekSVYI9h4IJ5Jrgz5imSUHgvt9oJLqJ5GbWQV/Zg==",
      "requires": {
        "@babel/runtime": "^7.15.3",
        "@polkadot/wasm-crypto-asmjs": "^4.2.1",
        "@polkadot/wasm-crypto-wasm": "^4.2.1"
      }
    },
    "@polkadot/wasm-crypto-asmjs": {
      "version": "4.2.1",
      "resolved": "https://registry.npmjs.org/@polkadot/wasm-crypto-asmjs/-/wasm-crypto-asmjs-4.2.1.tgz",
      "integrity": "sha512-ON9EBpTNDCI3QRUmuQJIegYoAcwvxDaNNA7uwKTaEEStu8LjCIbQxbt4WbOBYWI0PoUpl4iIluXdT3XZ3V3jXA==",
      "requires": {
        "@babel/runtime": "^7.15.3"
      }
    },
    "@polkadot/wasm-crypto-wasm": {
      "version": "4.2.1",
      "resolved": "https://registry.npmjs.org/@polkadot/wasm-crypto-wasm/-/wasm-crypto-wasm-4.2.1.tgz",
      "integrity": "sha512-Rs2CKiR4D+2hKzmKBfPNYxcd2E8NfLWia0av4fgicjT9YsWIWOGQUi9AtSOfazPOR9FrjxKJy+chQxAkcfKMnQ==",
      "requires": {
        "@babel/runtime": "^7.15.3"
      }
    },
    "@polkadot/x-fetch": {
      "version": "7.3.1",
      "resolved": "https://registry.npmjs.org/@polkadot/x-fetch/-/x-fetch-7.3.1.tgz",
      "integrity": "sha512-QnwP2RxWEUtnHE+1Iy2T49D4s5F8XH4bCyGqhbpZZdMym+cc+9zifBRQ+B5BIpTqICFFFbbhUvnvBSC9nS8bvg==",
      "requires": {
        "@babel/runtime": "^7.15.3",
        "@polkadot/x-global": "7.3.1",
        "@types/node-fetch": "^2.5.12",
        "node-fetch": "^2.6.1"
      }
    },
    "@polkadot/x-global": {
      "version": "7.3.1",
      "resolved": "https://registry.npmjs.org/@polkadot/x-global/-/x-global-7.3.1.tgz",
      "integrity": "sha512-Tx2xGyrNLsV+hjfKsAWA03VUnkQGyCeaff6vE7Fi9iZo/4L4BdrQKhJgQrX8PQuOhrcv1B1GDuaYiXr7dwBR1g==",
      "requires": {
        "@babel/runtime": "^7.15.3"
      }
    },
    "@polkadot/x-randomvalues": {
      "version": "7.3.1",
      "resolved": "https://registry.npmjs.org/@polkadot/x-randomvalues/-/x-randomvalues-7.3.1.tgz",
      "integrity": "sha512-WtOTsjpp0+VIV+GY7IrELVznv78+IQ96UW5rf2i3AUIoouB1z9VrzJu/MCN7zoRQ9OAWpNoGxdAwzRDm9UL3+g==",
      "requires": {
        "@babel/runtime": "^7.15.3",
        "@polkadot/x-global": "7.3.1"
      }
    },
    "@polkadot/x-textdecoder": {
      "version": "7.3.1",
      "resolved": "https://registry.npmjs.org/@polkadot/x-textdecoder/-/x-textdecoder-7.3.1.tgz",
      "integrity": "sha512-AkGrJ8C8kLvs7uxKMMqkBZmUbm8k3CBvq7FLnfUaQQXha4/3G3u+g3UqSTJ8+nETwRrfpjAVS77fmFx+6Nkxng==",
      "requires": {
        "@babel/runtime": "^7.15.3",
        "@polkadot/x-global": "7.3.1"
      }
    },
    "@polkadot/x-textencoder": {
      "version": "7.3.1",
      "resolved": "https://registry.npmjs.org/@polkadot/x-textencoder/-/x-textencoder-7.3.1.tgz",
      "integrity": "sha512-1yePbvbQ9U9ScRilQ/aH6CwgoSG8njH27XVzRR7WnulAMKbF3IvHgU56IlBZneHIojAy252yp2ldBG09PDIXeg==",
      "requires": {
        "@babel/runtime": "^7.15.3",
        "@polkadot/x-global": "7.3.1"
      }
    },
    "@polkadot/x-ws": {
      "version": "7.3.1",
      "resolved": "https://registry.npmjs.org/@polkadot/x-ws/-/x-ws-7.3.1.tgz",
      "integrity": "sha512-JltBHm2GqmS/hPIbak3wzqHRTz5k3yQOdYPOsj2gAs5twe7fJwJOJp0InfpNCknX4Cn9+WBIjNZUNLZ6bO+MkQ==",
      "requires": {
        "@babel/runtime": "^7.15.3",
        "@polkadot/x-global": "7.3.1",
        "@types/websocket": "^1.0.4",
        "websocket": "^1.0.34"
      }
    },
    "@types/bn.js": {
      "version": "4.11.6",
      "resolved": "https://registry.npmjs.org/@types/bn.js/-/bn.js-4.11.6.tgz",
      "integrity": "sha512-pqr857jrp2kPuO9uRjZ3PwnJTjoQy+fcdxvBTvHm6dkmEL9q+hDD/2j/0ELOBPtPnS8LjCX0gI9nbl8lVkadpg==",
      "requires": {
        "@types/node": "*"
      }
    },
    "@types/node": {
      "version": "16.7.10",
      "resolved": "https://registry.npmjs.org/@types/node/-/node-16.7.10.tgz",
      "integrity": "sha512-S63Dlv4zIPb8x6MMTgDq5WWRJQe56iBEY0O3SOFA9JrRienkOVDXSXBjjJw6HTNQYSE2JI6GMCR6LVbIMHJVvA=="
    },
    "@types/node-fetch": {
      "version": "2.5.12",
      "resolved": "https://registry.npmjs.org/@types/node-fetch/-/node-fetch-2.5.12.tgz",
      "integrity": "sha512-MKgC4dlq4kKNa/mYrwpKfzQMB5X3ee5U6fSprkKpToBqBmX4nFZL9cW5jl6sWn+xpRJ7ypWh2yyqqr8UUCstSw==",
      "requires": {
        "@types/node": "*",
        "form-data": "^3.0.0"
      }
    },
    "@types/websocket": {
      "version": "1.0.4",
      "resolved": "https://registry.npmjs.org/@types/websocket/-/websocket-1.0.4.tgz",
      "integrity": "sha512-qn1LkcFEKK8RPp459jkjzsfpbsx36BBt3oC3pITYtkoBw/aVX+EZFa5j3ThCRTNpLFvIMr5dSTD4RaMdilIOpA==",
      "requires": {
        "@types/node": "*"
      }
    },
    "asynckit": {
      "version": "0.4.0",
      "resolved": "https://registry.npmjs.org/asynckit/-/asynckit-0.4.0.tgz",
      "integrity": "sha1-x57Zf380y48robyXkLzDZkdLS3k="
    },
    "atomic-sleep": {
      "version": "1.0.0",
      "resolved": "https://registry.npmjs.org/atomic-sleep/-/atomic-sleep-1.0.0.tgz",
      "integrity": "sha512-kNOjDqAh7px0XWNI+4QbzoiR/nTkHAWNud2uvnJquD1/x5a7EQZMJT0AczqK0Qn67oY/TTQ1LbUKajZpp3I9tQ=="
    },
    "axios": {
      "version": "0.21.1",
      "resolved": "https://registry.npmjs.org/axios/-/axios-0.21.1.tgz",
      "integrity": "sha512-dKQiRHxGD9PPRIUNIWvZhPTPpl1rf/OxTYKsqKUDjBwYylTvV7SjSHJb9ratfyzM6wCdLCOYLzs73qpg5c4iGA==",
      "requires": {
        "follow-redirects": "^1.10.0"
      }
    },
    "base-x": {
      "version": "3.0.8",
      "resolved": "https://registry.npmjs.org/base-x/-/base-x-3.0.8.tgz",
      "integrity": "sha512-Rl/1AWP4J/zRrk54hhlxH4drNxPJXYUaKffODVI53/dAsV4t9fBxyxYKAVPU1XBHxYwOWP9h9H0hM2MVw4YfJA==",
      "requires": {
        "safe-buffer": "^5.0.1"
      }
    },
    "base64-js": {
      "version": "1.5.1",
      "resolved": "https://registry.npmjs.org/base64-js/-/base64-js-1.5.1.tgz",
      "integrity": "sha512-AKpaYlHn8t4SVbOHCy+b5+KKgvR4vrsD8vbvrbiQJps7fKDTkjkDry6ji0rUJjC0kzbNePLwzxq8iypo41qeWA=="
    },
    "bignumber.js": {
      "version": "9.0.1",
      "resolved": "https://registry.npmjs.org/bignumber.js/-/bignumber.js-9.0.1.tgz",
      "integrity": "sha512-IdZR9mh6ahOBv/hYGiXyVuyCetmGJhtYkqLBpTStdhEGjegpPlUawydyaF3pbIOFynJTpllEs+NP+CS9jKFLjA=="
    },
    "blakejs": {
      "version": "1.1.1",
      "resolved": "https://registry.npmjs.org/blakejs/-/blakejs-1.1.1.tgz",
      "integrity": "sha512-bLG6PHOCZJKNshTjGRBvET0vTciwQE6zFKOKKXPDJfwFBd4Ac0yBfPZqcGvGJap50l7ktvlpFqc2jGVaUgbJgg=="
    },
    "bn.js": {
      "version": "4.12.0",
      "resolved": "https://registry.npmjs.org/bn.js/-/bn.js-4.12.0.tgz",
      "integrity": "sha512-c98Bf3tPniI+scsdk237ku1Dc3ujXQTSgyiPUDEOe7tRkhrqridvh8klBv0HCEso1OLOYcHuCv/cS6DNxKH+ZA=="
    },
    "brorand": {
      "version": "1.1.0",
      "resolved": "https://registry.npmjs.org/brorand/-/brorand-1.1.0.tgz",
      "integrity": "sha1-EsJe/kCkXjwyPrhnWgoM5XsiNx8="
    },
    "buffer-writer": {
      "version": "2.0.0",
      "resolved": "https://registry.npmjs.org/buffer-writer/-/buffer-writer-2.0.0.tgz",
      "integrity": "sha512-a7ZpuTZU1TRtnwyCNW3I5dc0wWNC3VR9S++Ewyk2HHZdrO3CQJqSpd+95Us590V6AL7JqUAH2IwZ/398PmNFgw=="
    },
    "bufferutil": {
      "version": "4.0.3",
      "resolved": "https://registry.npmjs.org/bufferutil/-/bufferutil-4.0.3.tgz",
      "integrity": "sha512-yEYTwGndELGvfXsImMBLop58eaGW+YdONi1fNjTINSY98tmMmFijBG6WXgdkfuLNt4imzQNtIE+eBp1PVpMCSw==",
      "requires": {
        "node-gyp-build": "^4.2.0"
      }
    },
    "camelcase": {
      "version": "6.2.0",
      "resolved": "https://registry.npmjs.org/camelcase/-/camelcase-6.2.0.tgz",
      "integrity": "sha512-c7wVvbw3f37nuobQNtgsgG9POC9qMbNuMQmTCqZv23b6MIz0fcYpBiOlv9gEN/hdLdnZTDQhg6e9Dq5M1vKvfg=="
    },
    "cipher-base": {
      "version": "1.0.4",
      "resolved": "https://registry.npmjs.org/cipher-base/-/cipher-base-1.0.4.tgz",
      "integrity": "sha512-Kkht5ye6ZGmwv40uUDZztayT2ThLQGfnj/T71N/XzeZeo3nf8foyW7zGTsPYkEya3m5f3cAypH+qe7YOrM1U2Q==",
      "requires": {
        "inherits": "^2.0.1",
        "safe-buffer": "^5.0.1"
      }
    },
    "combined-stream": {
      "version": "1.0.8",
      "resolved": "https://registry.npmjs.org/combined-stream/-/combined-stream-1.0.8.tgz",
      "integrity": "sha512-FQN4MRfuJeHf7cBbBMJFXhKSDq+2kAArBlmRBvcvFE5BB1HZKXtSFASDhdlz9zOYwxh8lDdnvmMOe/+5cdoEdg==",
      "requires": {
        "delayed-stream": "~1.0.0"
      }
    },
    "create-hash": {
      "version": "1.2.0",
      "resolved": "https://registry.npmjs.org/create-hash/-/create-hash-1.2.0.tgz",
      "integrity": "sha512-z00bCGNHDG8mHAkP7CtT1qVu+bFQUPjYq/4Iv3C3kWjTFV10zIjfSoeqXo9Asws8gwSHDGj/hl2u4OGIjapeCg==",
      "requires": {
        "cipher-base": "^1.0.1",
        "inherits": "^2.0.1",
        "md5.js": "^1.3.4",
        "ripemd160": "^2.0.1",
        "sha.js": "^2.4.0"
      }
    },
    "cuint": {
      "version": "0.2.2",
      "resolved": "https://registry.npmjs.org/cuint/-/cuint-0.2.2.tgz",
      "integrity": "sha1-QICG1AlVDCYxFVYZ6fp7ytw7mRs="
    },
    "d": {
      "version": "1.0.1",
      "resolved": "https://registry.npmjs.org/d/-/d-1.0.1.tgz",
      "integrity": "sha512-m62ShEObQ39CfralilEQRjH6oAMtNCV1xJyEx5LpRYUVN+EviphDgUc/F3hnYbADmkiNs67Y+3ylmlG7Lnu+FA==",
      "requires": {
        "es5-ext": "^0.10.50",
        "type": "^1.0.1"
      }
    },
    "debug": {
      "version": "2.6.9",
      "resolved": "https://registry.npmjs.org/debug/-/debug-2.6.9.tgz",
      "integrity": "sha512-bC7ElrdJaJnPbAP+1EotYvqZsb3ecl5wi6Bfi6BJTUcNowp6cvspg0jXznRTKDjm/E7AdgFBVeAPVMNcKGsHMA==",
      "requires": {
        "ms": "2.0.0"
      }
    },
    "delayed-stream": {
      "version": "1.0.0",
      "resolved": "https://registry.npmjs.org/delayed-stream/-/delayed-stream-1.0.0.tgz",
      "integrity": "sha1-3zrhmayt+31ECqrgsp4icrJOxhk="
    },
    "dotenv": {
      "version": "8.2.0",
      "resolved": "https://registry.npmjs.org/dotenv/-/dotenv-8.2.0.tgz",
      "integrity": "sha512-8sJ78ElpbDJBHNeBzUbUVLsqKdccaa/BXF1uPTw3GrvQTBgrQrtObr2mUrE38vzYd8cEv+m/JBfDLioYcfXoaw=="
    },
    "ed2curve": {
      "version": "0.3.0",
      "resolved": "https://registry.npmjs.org/ed2curve/-/ed2curve-0.3.0.tgz",
      "integrity": "sha512-8w2fmmq3hv9rCrcI7g9hms2pMunQr1JINfcjwR9tAyZqhtyaMN991lF/ZfHfr5tzZQ8c7y7aBgZbjfbd0fjFwQ==",
      "requires": {
        "tweetnacl": "1.x.x"
      }
    },
    "elliptic": {
      "version": "6.5.4",
      "resolved": "https://registry.npmjs.org/elliptic/-/elliptic-6.5.4.tgz",
      "integrity": "sha512-iLhC6ULemrljPZb+QutR5TQGB+pdW6KGD5RSegS+8sorOZT+rdQFbsQFJgvN3eRqNALqJer4oQ16YvJHlU8hzQ==",
      "requires": {
        "bn.js": "^4.11.9",
        "brorand": "^1.1.0",
        "hash.js": "^1.0.0",
        "hmac-drbg": "^1.0.1",
        "inherits": "^2.0.4",
        "minimalistic-assert": "^1.0.1",
        "minimalistic-crypto-utils": "^1.0.1"
      }
    },
    "es5-ext": {
      "version": "0.10.53",
      "resolved": "https://registry.npmjs.org/es5-ext/-/es5-ext-0.10.53.tgz",
      "integrity": "sha512-Xs2Stw6NiNHWypzRTY1MtaG/uJlwCk8kH81920ma8mvN8Xq1gsfhZvpkImLQArw8AHnv8MT2I45J3c0R8slE+Q==",
      "requires": {
        "es6-iterator": "~2.0.3",
        "es6-symbol": "~3.1.3",
        "next-tick": "~1.0.0"
      }
    },
    "es6-iterator": {
      "version": "2.0.3",
      "resolved": "https://registry.npmjs.org/es6-iterator/-/es6-iterator-2.0.3.tgz",
      "integrity": "sha1-p96IkUGgWpSwhUQDstCg+/qY87c=",
      "requires": {
        "d": "1",
        "es5-ext": "^0.10.35",
        "es6-symbol": "^3.1.1"
      }
    },
    "es6-symbol": {
      "version": "3.1.3",
      "resolved": "https://registry.npmjs.org/es6-symbol/-/es6-symbol-3.1.3.tgz",
      "integrity": "sha512-NJ6Yn3FuDinBaBRWl/q5X/s4koRHBrgKAu+yGI6JCBeiu3qrcbJhwT2GeR/EXVfylRk8dpQVJoLEFhK+Mu31NA==",
      "requires": {
        "d": "^1.0.1",
        "ext": "^1.1.2"
      }
    },
    "eventemitter3": {
      "version": "4.0.7",
      "resolved": "https://registry.npmjs.org/eventemitter3/-/eventemitter3-4.0.7.tgz",
      "integrity": "sha512-8guHBZCwKnFhYdHr2ysuRWErTwhoN2X8XELRlrRwpmfeY2jjuUN4taQMsULKUVo1K4DvZl+0pgfyoysHxvmvEw=="
    },
    "ext": {
      "version": "1.5.0",
      "resolved": "https://registry.npmjs.org/ext/-/ext-1.5.0.tgz",
      "integrity": "sha512-+ONcYoWj/SoQwUofMr94aGu05Ou4FepKi7N7b+O8T4jVfyIsZQV1/xeS8jpaBzF0csAk0KLXoHCxU7cKYZjo1Q==",
      "requires": {
        "type": "^2.5.0"
      },
      "dependencies": {
        "type": {
          "version": "2.5.0",
          "resolved": "https://registry.npmjs.org/type/-/type-2.5.0.tgz",
          "integrity": "sha512-180WMDQaIMm3+7hGXWf12GtdniDEy7nYcyFMKJn/eZz/6tSLXrUN9V0wKSbMjej0I1WHWbpREDEKHtqPQa9NNw=="
        }
      }
    },
    "fast-redact": {
      "version": "3.0.0",
      "resolved": "https://registry.npmjs.org/fast-redact/-/fast-redact-3.0.0.tgz",
      "integrity": "sha512-a/S/Hp6aoIjx7EmugtzLqXmcNsyFszqbt6qQ99BdG61QjBZF6shNis0BYR6TsZOQ1twYc0FN2Xdhwwbv6+KD0w=="
    },
    "fast-safe-stringify": {
      "version": "2.0.7",
      "resolved": "https://registry.npmjs.org/fast-safe-stringify/-/fast-safe-stringify-2.0.7.tgz",
      "integrity": "sha512-Utm6CdzT+6xsDk2m8S6uL8VHxNwI6Jub+e9NYTcAms28T84pTa25GJQV9j0CY0N1rM8hK4x6grpF2BQf+2qwVA=="
    },
    "flatstr": {
      "version": "1.0.12",
      "resolved": "https://registry.npmjs.org/flatstr/-/flatstr-1.0.12.tgz",
      "integrity": "sha512-4zPxDyhCyiN2wIAtSLI6gc82/EjqZc1onI4Mz/l0pWrAlsSfYH/2ZIcU+e3oA2wDwbzIWNKwa23F8rh6+DRWkw=="
    },
    "follow-redirects": {
      "version": "1.13.1",
      "resolved": "https://registry.npmjs.org/follow-redirects/-/follow-redirects-1.13.1.tgz",
      "integrity": "sha512-SSG5xmZh1mkPGyKzjZP8zLjltIfpW32Y5QpdNJyjcfGxK3qo3NDDkZOZSFiGn1A6SclQxY9GzEwAHQ3dmYRWpg=="
    },
    "form-data": {
      "version": "3.0.1",
      "resolved": "https://registry.npmjs.org/form-data/-/form-data-3.0.1.tgz",
      "integrity": "sha512-RHkBKtLWUVwd7SqRIvCZMEvAMoGUp0XU+seQiZejj0COz3RI3hWP4sCv3gZWWLjJTd7rGwcsF5eKZGii0r/hbg==",
      "requires": {
        "asynckit": "^0.4.0",
        "combined-stream": "^1.0.8",
        "mime-types": "^2.1.12"
      }
    },
    "hash-base": {
      "version": "3.1.0",
      "resolved": "https://registry.npmjs.org/hash-base/-/hash-base-3.1.0.tgz",
      "integrity": "sha512-1nmYp/rhMDiE7AYkDw+lLwlAzz0AntGIe51F3RfFfEqyQ3feY2eI/NcwC6umIQVOASPMsWJLJScWKSSvzL9IVA==",
      "requires": {
        "inherits": "^2.0.4",
        "readable-stream": "^3.6.0",
        "safe-buffer": "^5.2.0"
      }
    },
    "hash.js": {
      "version": "1.1.7",
      "resolved": "https://registry.npmjs.org/hash.js/-/hash.js-1.1.7.tgz",
      "integrity": "sha512-taOaskGt4z4SOANNseOviYDvjEJinIkRgmp7LbKP2YTTmVxWBl87s/uzK9r+44BclBSp2X7K1hqeNfz9JbBeXA==",
      "requires": {
        "inherits": "^2.0.3",
        "minimalistic-assert": "^1.0.1"
      }
    },
    "hmac-drbg": {
      "version": "1.0.1",
      "resolved": "https://registry.npmjs.org/hmac-drbg/-/hmac-drbg-1.0.1.tgz",
      "integrity": "sha1-0nRXAQJabHdabFRXk+1QL8DGSaE=",
      "requires": {
        "hash.js": "^1.0.3",
        "minimalistic-assert": "^1.0.0",
        "minimalistic-crypto-utils": "^1.0.1"
      }
    },
    "inherits": {
      "version": "2.0.4",
      "resolved": "https://registry.npmjs.org/inherits/-/inherits-2.0.4.tgz",
      "integrity": "sha512-k/vGaX4/Yla3WzyMCvTQOXYeIHvqOKtnqBduzTHpzpQZzAskKMhZ2K+EnBiSM9zGSoIFeMpXKxa4dYeZIQqewQ=="
    },
    "ip-regex": {
      "version": "4.3.0",
      "resolved": "https://registry.npmjs.org/ip-regex/-/ip-regex-4.3.0.tgz",
      "integrity": "sha512-B9ZWJxHHOHUhUjCPrMpLD4xEq35bUTClHM1S6CBU5ixQnkZmwipwgc96vAd7AAGM9TGHvJR+Uss+/Ak6UphK+Q=="
    },
    "is-typedarray": {
      "version": "1.0.0",
      "resolved": "https://registry.npmjs.org/is-typedarray/-/is-typedarray-1.0.0.tgz",
      "integrity": "sha1-5HnICFjfDBsR3dppQPlgEfzaSpo="
    },
    "js-sha3": {
      "version": "0.8.0",
      "resolved": "https://registry.npmjs.org/js-sha3/-/js-sha3-0.8.0.tgz",
      "integrity": "sha512-gF1cRrHhIzNfToc802P800N8PpXS+evLLXfsVpowqmAFR9uwbi89WvXg2QspOmXL8QL86J4T1EpFu+yUkwJY3Q=="
    },
    "lodash": {
      "version": "4.17.20",
      "resolved": "https://registry.npmjs.org/lodash/-/lodash-4.17.20.tgz",
      "integrity": "sha512-PlhdFcillOINfeV7Ni6oF1TAEayyZBoZ8bcshTHqOYJYlrqzRK5hagpagky5o4HfCzzd1TRkXPMFq6cKk9rGmA=="
    },
    "md5.js": {
      "version": "1.3.5",
      "resolved": "https://registry.npmjs.org/md5.js/-/md5.js-1.3.5.tgz",
      "integrity": "sha512-xitP+WxNPcTTOgnTJcrhM0xvdPepipPSf3I8EIpGKeFLjt3PlJLIDG3u8EX53ZIubkb+5U2+3rELYpEhHhzdkg==",
      "requires": {
        "hash-base": "^3.0.0",
        "inherits": "^2.0.1",
        "safe-buffer": "^5.1.2"
      }
    },
    "mime-db": {
      "version": "1.49.0",
      "resolved": "https://registry.npmjs.org/mime-db/-/mime-db-1.49.0.tgz",
      "integrity": "sha512-CIc8j9URtOVApSFCQIF+VBkX1RwXp/oMMOrqdyXSBXq5RWNEsRfyj1kiRnQgmNXmHxPoFIxOroKA3zcU9P+nAA=="
    },
    "mime-types": {
      "version": "2.1.32",
      "resolved": "https://registry.npmjs.org/mime-types/-/mime-types-2.1.32.tgz",
      "integrity": "sha512-hJGaVS4G4c9TSMYh2n6SQAGrC4RnfU+daP8G7cSCmaqNjiOoUY0VHCMS42pxnQmVF1GWwFhbHWn3RIxCqTmZ9A==",
      "requires": {
        "mime-db": "1.49.0"
      }
    },
    "minimalistic-assert": {
      "version": "1.0.1",
      "resolved": "https://registry.npmjs.org/minimalistic-assert/-/minimalistic-assert-1.0.1.tgz",
      "integrity": "sha512-UtJcAD4yEaGtjPezWuO9wC4nwUnVH/8/Im3yEHQP4b67cXlD/Qr9hdITCU1xDbSEXg2XKNaP8jsReV7vQd00/A=="
    },
    "minimalistic-crypto-utils": {
      "version": "1.0.1",
      "resolved": "https://registry.npmjs.org/minimalistic-crypto-utils/-/minimalistic-crypto-utils-1.0.1.tgz",
      "integrity": "sha1-9sAMHAsIIkblxNmd+4x8CDsrWCo="
    },
    "ms": {
      "version": "2.0.0",
      "resolved": "https://registry.npmjs.org/ms/-/ms-2.0.0.tgz",
      "integrity": "sha1-VgiurfwAvmwpAd9fmGF4jeDVl8g="
    },
    "next-tick": {
      "version": "1.0.0",
      "resolved": "https://registry.npmjs.org/next-tick/-/next-tick-1.0.0.tgz",
      "integrity": "sha1-yobR/ogoFpsBICCOPchCS524NCw="
    },
    "node-fetch": {
      "version": "2.6.1",
      "resolved": "https://registry.npmjs.org/node-fetch/-/node-fetch-2.6.1.tgz",
      "integrity": "sha512-V4aYg89jEoVRxRb2fJdAg8FHvI7cEyYdVAh94HH0UIK8oJxUfkjlDQN9RbMx+bEjP7+ggMiFRprSti032Oipxw=="
    },
    "node-gyp-build": {
      "version": "4.2.3",
      "resolved": "https://registry.npmjs.org/node-gyp-build/-/node-gyp-build-4.2.3.tgz",
      "integrity": "sha512-MN6ZpzmfNCRM+3t57PTJHgHyw/h4OWnZ6mR8P5j/uZtqQr46RRuDE/P+g3n0YR/AiYXeWixZZzaip77gdICfRg=="
    },
    "packet-reader": {
      "version": "1.0.0",
      "resolved": "https://registry.npmjs.org/packet-reader/-/packet-reader-1.0.0.tgz",
      "integrity": "sha512-HAKu/fG3HpHFO0AA8WE8q2g+gBJaZ9MG7fcKk+IJPLTGAD6Psw4443l+9DGRbOIh3/aXr7Phy0TjilYivJo5XQ=="
    },
    "pg": {
      "version": "8.4.2",
      "resolved": "https://registry.npmjs.org/pg/-/pg-8.4.2.tgz",
      "integrity": "sha512-E9FlUrrc7w3+sbRmL1CSw99vifACzB2TjhMM9J5w9D1LIg+6un0jKkpHS1EQf2CWhKhec2bhrBLVMmUBDbjPRQ==",
      "requires": {
        "buffer-writer": "2.0.0",
        "packet-reader": "1.0.0",
        "pg-connection-string": "^2.4.0",
        "pg-pool": "^3.2.2",
        "pg-protocol": "^1.3.0",
        "pg-types": "^2.1.0",
        "pgpass": "1.x"
      }
    },
    "pg-connection-string": {
      "version": "2.4.0",
      "resolved": "https://registry.npmjs.org/pg-connection-string/-/pg-connection-string-2.4.0.tgz",
      "integrity": "sha512-3iBXuv7XKvxeMrIgym7njT+HlZkwZqqGX4Bu9cci8xHZNT+Um1gWKqCsAzcC0d95rcKMU5WBg6YRUcHyV0HZKQ=="
    },
    "pg-int8": {
      "version": "1.0.1",
      "resolved": "https://registry.npmjs.org/pg-int8/-/pg-int8-1.0.1.tgz",
      "integrity": "sha512-WCtabS6t3c8SkpDBUlb1kjOs7l66xsGdKpIPZsg4wR+B3+u9UAum2odSsF9tnvxg80h4ZxLWMy4pRjOsFIqQpw=="
    },
    "pg-pool": {
      "version": "3.2.2",
      "resolved": "https://registry.npmjs.org/pg-pool/-/pg-pool-3.2.2.tgz",
      "integrity": "sha512-ORJoFxAlmmros8igi608iVEbQNNZlp89diFVx6yV5v+ehmpMY9sK6QgpmgoXbmkNaBAx8cOOZh9g80kJv1ooyA=="
    },
    "pg-protocol": {
      "version": "1.3.0",
      "resolved": "https://registry.npmjs.org/pg-protocol/-/pg-protocol-1.3.0.tgz",
      "integrity": "sha512-64/bYByMrhWULUaCd+6/72c9PMWhiVFs3EVxl9Ct6a3v/U8+rKgqP2w+kKg/BIGgMJyB+Bk/eNivT32Al+Jghw=="
    },
    "pg-types": {
      "version": "2.2.0",
      "resolved": "https://registry.npmjs.org/pg-types/-/pg-types-2.2.0.tgz",
      "integrity": "sha512-qTAAlrEsl8s4OiEQY69wDvcMIdQN6wdz5ojQiOy6YRMuynxenON0O5oCpJI6lshc6scgAY8qvJ2On/p+CXY0GA==",
      "requires": {
        "pg-int8": "1.0.1",
        "postgres-array": "~2.0.0",
        "postgres-bytea": "~1.0.0",
        "postgres-date": "~1.0.4",
        "postgres-interval": "^1.1.0"
      }
    },
    "pgpass": {
      "version": "1.0.4",
      "resolved": "https://registry.npmjs.org/pgpass/-/pgpass-1.0.4.tgz",
      "integrity": "sha512-YmuA56alyBq7M59vxVBfPJrGSozru8QAdoNlWuW3cz8l+UX3cWge0vTvjKhsSHSJpo3Bom8/Mm6hf0TR5GY0+w==",
      "requires": {
        "split2": "^3.1.1"
      }
    },
    "pino": {
      "version": "6.7.0",
      "resolved": "https://registry.npmjs.org/pino/-/pino-6.7.0.tgz",
      "integrity": "sha512-vPXJ4P9rWCwzlTJt+f0Ni4THc3DWyt8iDDCO4edQ8narTu6hnpzdXu8FqeSJCGndl1W6lfbYQUQihUO54y66Lw==",
      "requires": {
        "fast-redact": "^3.0.0",
        "fast-safe-stringify": "^2.0.7",
        "flatstr": "^1.0.12",
        "pino-std-serializers": "^2.4.2",
        "quick-format-unescaped": "^4.0.1",
        "sonic-boom": "^1.0.2"
      }
    },
    "pino-std-serializers": {
      "version": "2.5.0",
      "resolved": "https://registry.npmjs.org/pino-std-serializers/-/pino-std-serializers-2.5.0.tgz",
      "integrity": "sha512-wXqbqSrIhE58TdrxxlfLwU9eDhrzppQDvGhBEr1gYbzzM4KKo3Y63gSjiDXRKLVS2UOXdPNR2v+KnQgNrs+xUg=="
    },
    "postgres-array": {
      "version": "2.0.0",
      "resolved": "https://registry.npmjs.org/postgres-array/-/postgres-array-2.0.0.tgz",
      "integrity": "sha512-VpZrUqU5A69eQyW2c5CA1jtLecCsN2U/bD6VilrFDWq5+5UIEVO7nazS3TEcHf1zuPYO/sqGvUvW62g86RXZuA=="
    },
    "postgres-bytea": {
      "version": "1.0.0",
      "resolved": "https://registry.npmjs.org/postgres-bytea/-/postgres-bytea-1.0.0.tgz",
      "integrity": "sha1-AntTPAqokOJtFy1Hz5zOzFIazTU="
    },
    "postgres-date": {
      "version": "1.0.7",
      "resolved": "https://registry.npmjs.org/postgres-date/-/postgres-date-1.0.7.tgz",
      "integrity": "sha512-suDmjLVQg78nMK2UZ454hAG+OAW+HQPZ6n++TNDUX+L0+uUlLywnoxJKDou51Zm+zTCjrCl0Nq6J9C5hP9vK/Q=="
    },
    "postgres-interval": {
      "version": "1.2.0",
      "resolved": "https://registry.npmjs.org/postgres-interval/-/postgres-interval-1.2.0.tgz",
      "integrity": "sha512-9ZhXKM/rw350N1ovuWHbGxnGh/SNJ4cnxHiM0rxE4VN41wsg8P8zWn9hv/buK00RP4WvlOyr/RBDiptyxVbkZQ==",
      "requires": {
        "xtend": "^4.0.0"
      }
    },
    "quick-format-unescaped": {
      "version": "4.0.1",
      "resolved": "https://registry.npmjs.org/quick-format-unescaped/-/quick-format-unescaped-4.0.1.tgz",
      "integrity": "sha512-RyYpQ6Q5/drsJyOhrWHYMWTedvjTIat+FTwv0K4yoUxzvekw2aRHMQJLlnvt8UantkZg2++bEzD9EdxXqkWf4A=="
    },
    "readable-stream": {
      "version": "3.6.0",
      "resolved": "https://registry.npmjs.org/readable-stream/-/readable-stream-3.6.0.tgz",
      "integrity": "sha512-BViHy7LKeTz4oNnkcLJ+lVSL6vpiFeX6/d3oSH8zCW7UxP2onchk+vTGB143xuFjHS3deTgkKoXXymXqymiIdA==",
      "requires": {
        "inherits": "^2.0.3",
        "string_decoder": "^1.1.1",
        "util-deprecate": "^1.0.1"
      }
    },
    "regenerator-runtime": {
      "version": "0.13.9",
      "resolved": "https://registry.npmjs.org/regenerator-runtime/-/regenerator-runtime-0.13.9.tgz",
      "integrity": "sha512-p3VT+cOEgxFsRRA9X4lkI1E+k2/CtnKtU4gcxyaCUreilL/vqI6CdZ3wxVUx3UOUg+gnUOQQcRI7BmSI656MYA=="
    },
    "ripemd160": {
      "version": "2.0.2",
      "resolved": "https://registry.npmjs.org/ripemd160/-/ripemd160-2.0.2.tgz",
      "integrity": "sha512-ii4iagi25WusVoiC4B4lq7pbXfAp3D9v5CwfkY33vffw2+pkDjY1D8GaN7spsxvCSx8dkPqOZCEZyfxcmJG2IA==",
      "requires": {
        "hash-base": "^3.0.0",
        "inherits": "^2.0.1"
      }
    },
    "rxjs": {
      "version": "7.3.0",
      "resolved": "https://registry.npmjs.org/rxjs/-/rxjs-7.3.0.tgz",
      "integrity": "sha512-p2yuGIg9S1epc3vrjKf6iVb3RCaAYjYskkO+jHIaV0IjOPlJop4UnodOoFb2xeNwlguqLYvGw1b1McillYb5Gw==",
      "requires": {
        "tslib": "~2.1.0"
      }
    },
    "safe-buffer": {
      "version": "5.2.1",
      "resolved": "https://registry.npmjs.org/safe-buffer/-/safe-buffer-5.2.1.tgz",
      "integrity": "sha512-rp3So07KcdmmKbGvgaNxQSJr7bGVSVk5S9Eq1F+ppbRo70+YeaDxkw5Dd8NPN+GD6bjnYm2VuPuCXmpuYvmCXQ=="
    },
    "scryptsy": {
      "version": "2.1.0",
      "resolved": "https://registry.npmjs.org/scryptsy/-/scryptsy-2.1.0.tgz",
      "integrity": "sha512-1CdSqHQowJBnMAFyPEBRfqag/YP9OF394FV+4YREIJX4ljD7OxvQRDayyoyyCk+senRjSkP6VnUNQmVQqB6g7w=="
    },
    "sha.js": {
      "version": "2.4.11",
      "resolved": "https://registry.npmjs.org/sha.js/-/sha.js-2.4.11.tgz",
      "integrity": "sha512-QMEp5B7cftE7APOjk5Y6xgrbWu+WkLVQwk8JNjZ8nKRciZaByEW6MubieAiToS7+dwvrjGhH8jRXz3MVd0AYqQ==",
      "requires": {
        "inherits": "^2.0.1",
        "safe-buffer": "^5.0.1"
      }
    },
    "sonic-boom": {
      "version": "1.3.0",
      "resolved": "https://registry.npmjs.org/sonic-boom/-/sonic-boom-1.3.0.tgz",
      "integrity": "sha512-4nX6OYvOYr6R76xfQKi6cZpTO3YSWe/vd+QdIfoH0lBy0MnPkeAbb2rRWgmgADkXUeCKPwO1FZAKlAVWAadELw==",
      "requires": {
        "atomic-sleep": "^1.0.0",
        "flatstr": "^1.0.12"
      }
    },
    "split2": {
      "version": "3.2.2",
      "resolved": "https://registry.npmjs.org/split2/-/split2-3.2.2.tgz",
      "integrity": "sha512-9NThjpgZnifTkJpzTZ7Eue85S49QwpNhZTq6GRJwObb6jnLFNGB7Qm73V5HewTROPyxD0C29xqmaI68bQtV+hg==",
      "requires": {
        "readable-stream": "^3.0.0"
      }
    },
    "string_decoder": {
      "version": "1.3.0",
      "resolved": "https://registry.npmjs.org/string_decoder/-/string_decoder-1.3.0.tgz",
      "integrity": "sha512-hkRX8U1WjJFd8LsDJ2yQ/wWWxaopEsABU1XfkM8A+j0+85JAGppt16cr1Whg6KIbb4okU6Mql6BOj+uup/wKeA==",
      "requires": {
        "safe-buffer": "~5.2.0"
      }
    },
    "tslib": {
      "version": "2.1.0",
      "resolved": "https://registry.npmjs.org/tslib/-/tslib-2.1.0.tgz",
      "integrity": "sha512-hcVC3wYEziELGGmEEXue7D75zbwIIVUMWAVbHItGPx0ziyXxrOMQx4rQEVEV45Ut/1IotuEvwqPopzIOkDMf0A=="
    },
    "tweetnacl": {
      "version": "1.0.3",
      "resolved": "https://registry.npmjs.org/tweetnacl/-/tweetnacl-1.0.3.tgz",
      "integrity": "sha512-6rt+RN7aOi1nGMyC4Xa5DdYiukl2UWCbcJft7YhxReBGQD7OAM8Pbxw6YMo4r2diNEA8FEmu32YOn9rhaiE5yw=="
    },
    "type": {
      "version": "1.2.0",
      "resolved": "https://registry.npmjs.org/type/-/type-1.2.0.tgz",
      "integrity": "sha512-+5nt5AAniqsCnu2cEQQdpzCAh33kVx8n0VoFidKpB1dVVLAN/F+bgVOqOJqOnEnrhp222clB5p3vUlD+1QAnfg=="
    },
    "typedarray-to-buffer": {
      "version": "3.1.5",
      "resolved": "https://registry.npmjs.org/typedarray-to-buffer/-/typedarray-to-buffer-3.1.5.tgz",
      "integrity": "sha512-zdu8XMNEDepKKR+XYOXAVPtWui0ly0NtohUscw+UmaHiAWT8hrV1rr//H6V+0DvJ3OQ19S979M0laLfX8rm82Q==",
      "requires": {
        "is-typedarray": "^1.0.0"
      }
    },
    "utf-8-validate": {
      "version": "5.0.5",
      "resolved": "https://registry.npmjs.org/utf-8-validate/-/utf-8-validate-5.0.5.tgz",
      "integrity": "sha512-+pnxRYsS/axEpkrrEpzYfNZGXp0IjC/9RIxwM5gntY4Koi8SHmUGSfxfWqxZdRxrtaoVstuOzUp/rbs3JSPELQ==",
      "requires": {
        "node-gyp-build": "^4.2.0"
      }
    },
    "util-deprecate": {
      "version": "1.0.2",
      "resolved": "https://registry.npmjs.org/util-deprecate/-/util-deprecate-1.0.2.tgz",
      "integrity": "sha1-RQ1Nyfpw3nMnYvvS1KKJgUGaDM8="
    },
    "websocket": {
      "version": "1.0.34",
      "resolved": "https://registry.npmjs.org/websocket/-/websocket-1.0.34.tgz",
      "integrity": "sha512-PRDso2sGwF6kM75QykIesBijKSVceR6jL2G8NGYyq2XrItNC2P5/qL5XeR056GhA+Ly7JMFvJb9I312mJfmqnQ==",
      "requires": {
        "bufferutil": "^4.0.1",
        "debug": "^2.2.0",
        "es5-ext": "^0.10.50",
        "typedarray-to-buffer": "^3.1.5",
        "utf-8-validate": "^5.0.2",
        "yaeti": "^0.0.6"
      }
    },
    "xtend": {
      "version": "4.0.2",
      "resolved": "https://registry.npmjs.org/xtend/-/xtend-4.0.2.tgz",
      "integrity": "sha512-LKYU1iAXJXUgAXn9URjiu+MWhyUXHsvfp7mcuYm9dSUKK0/CjtrUwFAxD82/mCWbtLsGjFIad0wIsod4zrTAEQ=="
    },
    "xxhashjs": {
      "version": "0.2.2",
      "resolved": "https://registry.npmjs.org/xxhashjs/-/xxhashjs-0.2.2.tgz",
      "integrity": "sha512-AkTuIuVTET12tpsVIQo+ZU6f/qDmKuRUcjaqR+OIvm+aCBsZ95i7UVY5WJ9TMsSaZ0DA2WxoZ4acu0sPH+OKAw==",
      "requires": {
        "cuint": "^0.2.2"
      }
    },
    "yaeti": {
      "version": "0.0.6",
      "resolved": "https://registry.npmjs.org/yaeti/-/yaeti-0.0.6.tgz",
      "integrity": "sha1-8m9ITXJoTPQr7ft2lwqhYI+/lXc="
    }
  }
}
